// !$*UTF8*$!
{
	archiveVersion = 1;
	classes = {
	};
	objectVersion = 55;
	objects = {

/* Begin PBXBuildFile section */
		070547E327E8A0AC0095C136 /* AppDelegate.m in Sources */ = {isa = PBXBuildFile; fileRef = 070547E227E8A0AC0095C136 /* AppDelegate.m */; };
		070547E627E8A0AC0095C136 /* SceneDelegate.m in Sources */ = {isa = PBXBuildFile; fileRef = 070547E527E8A0AC0095C136 /* SceneDelegate.m */; };
		070547E927E8A0AC0095C136 /* ViewController.m in Sources */ = {isa = PBXBuildFile; fileRef = 070547E827E8A0AC0095C136 /* ViewController.m */; };
		070547EC27E8A0AC0095C136 /* Main.storyboard in Resources */ = {isa = PBXBuildFile; fileRef = 070547EA27E8A0AC0095C136 /* Main.storyboard */; };
		070547EE27E8A0AD0095C136 /* Assets.xcassets in Resources */ = {isa = PBXBuildFile; fileRef = 070547ED27E8A0AD0095C136 /* Assets.xcassets */; };
		070547F127E8A0AD0095C136 /* LaunchScreen.storyboard in Resources */ = {isa = PBXBuildFile; fileRef = 070547EF27E8A0AD0095C136 /* LaunchScreen.storyboard */; };
		070547F427E8A0AD0095C136 /* main.m in Sources */ = {isa = PBXBuildFile; fileRef = 070547F327E8A0AD0095C136 /* main.m */; };
		070547FE27E8A0AE0095C136 /* TicTacToeTests.m in Sources */ = {isa = PBXBuildFile; fileRef = 070547FD27E8A0AE0095C136 /* TicTacToeTests.m */; };
		0705480827E8A0AE0095C136 /* TicTacToeUITests.m in Sources */ = {isa = PBXBuildFile; fileRef = 0705480727E8A0AE0095C136 /* TicTacToeUITests.m */; };
		0705480A27E8A0AE0095C136 /* TicTacToeUITestsLaunchTests.m in Sources */ = {isa = PBXBuildFile; fileRef = 0705480927E8A0AE0095C136 /* TicTacToeUITestsLaunchTests.m */; };
		0705481A27E8AEC90095C136 /* BoardView.m in Sources */ = {isa = PBXBuildFile; fileRef = 0705481927E8AEC90095C136 /* BoardView.m */; };
/* End PBXBuildFile section */

/* Begin PBXContainerItemProxy section */
		070547FA27E8A0AE0095C136 /* PBXContainerItemProxy */ = {
			isa = PBXContainerItemProxy;
			containerPortal = 070547D627E8A0AC0095C136 /* Project object */;
			proxyType = 1;
			remoteGlobalIDString = 070547DD27E8A0AC0095C136;
			remoteInfo = TicTacToe;
		};
		0705480427E8A0AE0095C136 /* PBXContainerItemProxy */ = {
			isa = PBXContainerItemProxy;
			containerPortal = 070547D627E8A0AC0095C136 /* Project object */;
			proxyType = 1;
			remoteGlobalIDString = 070547DD27E8A0AC0095C136;
			remoteInfo = TicTacToe;
		};
/* End PBXContainerItemProxy section */

/* Begin PBXFileReference section */
		070547DE27E8A0AC0095C136 /* TicTacToe.app */ = {isa = PBXFileReference; explicitFileType = wrapper.application; includeInIndex = 0; path = TicTacToe.app; sourceTree = BUILT_PRODUCTS_DIR; };
		070547E127E8A0AC0095C136 /* AppDelegate.h */ = {isa = PBXFileReference; lastKnownFileType = sourcecode.c.h; path = AppDelegate.h; sourceTree = "<group>"; };
		070547E227E8A0AC0095C136 /* AppDelegate.m */ = {isa = PBXFileReference; lastKnownFileType = sourcecode.c.objc; path = AppDelegate.m; sourceTree = "<group>"; };
		070547E427E8A0AC0095C136 /* SceneDelegate.h */ = {isa = PBXFileReference; lastKnownFileType = sourcecode.c.h; path = SceneDelegate.h; sourceTree = "<group>"; };
		070547E527E8A0AC0095C136 /* SceneDelegate.m */ = {isa = PBXFileReference; lastKnownFileType = sourcecode.c.objc; path = SceneDelegate.m; sourceTree = "<group>"; };
		070547E727E8A0AC0095C136 /* ViewController.h */ = {isa = PBXFileReference; lastKnownFileType = sourcecode.c.h; path = ViewController.h; sourceTree = "<group>"; };
		070547E827E8A0AC0095C136 /* ViewController.m */ = {isa = PBXFileReference; lastKnownFileType = sourcecode.c.objc; path = ViewController.m; sourceTree = "<group>"; };
		070547EB27E8A0AC0095C136 /* Base */ = {isa = PBXFileReference; lastKnownFileType = file.storyboard; name = Base; path = Base.lproj/Main.storyboard; sourceTree = "<group>"; };
		070547ED27E8A0AD0095C136 /* Assets.xcassets */ = {isa = PBXFileReference; lastKnownFileType = folder.assetcatalog; path = Assets.xcassets; sourceTree = "<group>"; };
		070547F027E8A0AD0095C136 /* Base */ = {isa = PBXFileReference; lastKnownFileType = file.storyboard; name = Base; path = Base.lproj/LaunchScreen.storyboard; sourceTree = "<group>"; };
		070547F227E8A0AD0095C136 /* Info.plist */ = {isa = PBXFileReference; lastKnownFileType = text.plist.xml; path = Info.plist; sourceTree = "<group>"; };
		070547F327E8A0AD0095C136 /* main.m */ = {isa = PBXFileReference; lastKnownFileType = sourcecode.c.objc; path = main.m; sourceTree = "<group>"; };
		070547F927E8A0AE0095C136 /* TicTacToeTests.xctest */ = {isa = PBXFileReference; explicitFileType = wrapper.cfbundle; includeInIndex = 0; path = TicTacToeTests.xctest; sourceTree = BUILT_PRODUCTS_DIR; };
		070547FD27E8A0AE0095C136 /* TicTacToeTests.m */ = {isa = PBXFileReference; lastKnownFileType = sourcecode.c.objc; path = TicTacToeTests.m; sourceTree = "<group>"; };
		0705480327E8A0AE0095C136 /* TicTacToeUITests.xctest */ = {isa = PBXFileReference; explicitFileType = wrapper.cfbundle; includeInIndex = 0; path = TicTacToeUITests.xctest; sourceTree = BUILT_PRODUCTS_DIR; };
		0705480727E8A0AE0095C136 /* TicTacToeUITests.m */ = {isa = PBXFileReference; lastKnownFileType = sourcecode.c.objc; path = TicTacToeUITests.m; sourceTree = "<group>"; };
		0705480927E8A0AE0095C136 /* TicTacToeUITestsLaunchTests.m */ = {isa = PBXFileReference; lastKnownFileType = sourcecode.c.objc; path = TicTacToeUITestsLaunchTests.m; sourceTree = "<group>"; };
		0705481827E8AEC90095C136 /* BoardView.h */ = {isa = PBXFileReference; lastKnownFileType = sourcecode.c.h; path = BoardView.h; sourceTree = "<group>"; };
		0705481927E8AEC90095C136 /* BoardView.m */ = {isa = PBXFileReference; lastKnownFileType = sourcecode.c.objc; path = BoardView.m; sourceTree = "<group>"; };
/* End PBXFileReference section */

/* Begin PBXFrameworksBuildPhase section */
		070547DB27E8A0AC0095C136 /* Frameworks */ = {
			isa = PBXFrameworksBuildPhase;
			buildActionMask = 2147483647;
			files = (
			);
			runOnlyForDeploymentPostprocessing = 0;
		};
		070547F627E8A0AE0095C136 /* Frameworks */ = {
			isa = PBXFrameworksBuildPhase;
			buildActionMask = 2147483647;
			files = (
			);
			runOnlyForDeploymentPostprocessing = 0;
		};
		0705480027E8A0AE0095C136 /* Frameworks */ = {
			isa = PBXFrameworksBuildPhase;
			buildActionMask = 2147483647;
			files = (
			);
			runOnlyForDeploymentPostprocessing = 0;
		};
/* End PBXFrameworksBuildPhase section */

/* Begin PBXGroup section */
		070547D527E8A0AC0095C136 = {
			isa = PBXGroup;
			children = (
				070547E027E8A0AC0095C136 /* TicTacToe */,
				070547FC27E8A0AE0095C136 /* TicTacToeTests */,
				0705480627E8A0AE0095C136 /* TicTacToeUITests */,
				070547DF27E8A0AC0095C136 /* Products */,
			);
			sourceTree = "<group>";
		};
		070547DF27E8A0AC0095C136 /* Products */ = {
			isa = PBXGroup;
			children = (
				070547DE27E8A0AC0095C136 /* TicTacToe.app */,
				070547F927E8A0AE0095C136 /* TicTacToeTests.xctest */,
				0705480327E8A0AE0095C136 /* TicTacToeUITests.xctest */,
			);
			name = Products;
			sourceTree = "<group>";
		};
		070547E027E8A0AC0095C136 /* TicTacToe */ = {
			isa = PBXGroup;
			children = (
				070547E127E8A0AC0095C136 /* AppDelegate.h */,
				070547E227E8A0AC0095C136 /* AppDelegate.m */,
				070547E427E8A0AC0095C136 /* SceneDelegate.h */,
				070547E527E8A0AC0095C136 /* SceneDelegate.m */,
				070547E727E8A0AC0095C136 /* ViewController.h */,
				070547E827E8A0AC0095C136 /* ViewController.m */,
				0705481827E8AEC90095C136 /* BoardView.h */,
				0705481927E8AEC90095C136 /* BoardView.m */,
				070547EA27E8A0AC0095C136 /* Main.storyboard */,
				070547ED27E8A0AD0095C136 /* Assets.xcassets */,
				070547EF27E8A0AD0095C136 /* LaunchScreen.storyboard */,
				070547F227E8A0AD0095C136 /* Info.plist */,
				070547F327E8A0AD0095C136 /* main.m */,
			);
			path = TicTacToe;
			sourceTree = "<group>";
		};
		070547FC27E8A0AE0095C136 /* TicTacToeTests */ = {
			isa = PBXGroup;
			children = (
				070547FD27E8A0AE0095C136 /* TicTacToeTests.m */,
			);
			path = TicTacToeTests;
			sourceTree = "<group>";
		};
		0705480627E8A0AE0095C136 /* TicTacToeUITests */ = {
			isa = PBXGroup;
			children = (
				0705480727E8A0AE0095C136 /* TicTacToeUITests.m */,
				0705480927E8A0AE0095C136 /* TicTacToeUITestsLaunchTests.m */,
			);
			path = TicTacToeUITests;
			sourceTree = "<group>";
		};
/* End PBXGroup section */

/* Begin PBXNativeTarget section */
		070547DD27E8A0AC0095C136 /* TicTacToe */ = {
			isa = PBXNativeTarget;
			buildConfigurationList = 0705480D27E8A0AE0095C136 /* Build configuration list for PBXNativeTarget "TicTacToe" */;
			buildPhases = (
				070547DA27E8A0AC0095C136 /* Sources */,
				070547DB27E8A0AC0095C136 /* Frameworks */,
				070547DC27E8A0AC0095C136 /* Resources */,
			);
			buildRules = (
			);
			dependencies = (
			);
			name = TicTacToe;
			productName = TicTacToe;
			productReference = 070547DE27E8A0AC0095C136 /* TicTacToe.app */;
			productType = "com.apple.product-type.application";
		};
		070547F827E8A0AE0095C136 /* TicTacToeTests */ = {
			isa = PBXNativeTarget;
			buildConfigurationList = 0705481027E8A0AE0095C136 /* Build configuration list for PBXNativeTarget "TicTacToeTests" */;
			buildPhases = (
				070547F527E8A0AE0095C136 /* Sources */,
				070547F627E8A0AE0095C136 /* Frameworks */,
				070547F727E8A0AE0095C136 /* Resources */,
			);
			buildRules = (
			);
			dependencies = (
				070547FB27E8A0AE0095C136 /* PBXTargetDependency */,
			);
			name = TicTacToeTests;
			productName = TicTacToeTests;
			productReference = 070547F927E8A0AE0095C136 /* TicTacToeTests.xctest */;
			productType = "com.apple.product-type.bundle.unit-test";
		};
		0705480227E8A0AE0095C136 /* TicTacToeUITests */ = {
			isa = PBXNativeTarget;
			buildConfigurationList = 0705481327E8A0AE0095C136 /* Build configuration list for PBXNativeTarget "TicTacToeUITests" */;
			buildPhases = (
				070547FF27E8A0AE0095C136 /* Sources */,
				0705480027E8A0AE0095C136 /* Frameworks */,
				0705480127E8A0AE0095C136 /* Resources */,
			);
			buildRules = (
			);
			dependencies = (
				0705480527E8A0AE0095C136 /* PBXTargetDependency */,
			);
			name = TicTacToeUITests;
			productName = TicTacToeUITests;
			productReference = 0705480327E8A0AE0095C136 /* TicTacToeUITests.xctest */;
			productType = "com.apple.product-type.bundle.ui-testing";
		};
/* End PBXNativeTarget section */

/* Begin PBXProject section */
		070547D627E8A0AC0095C136 /* Project object */ = {
			isa = PBXProject;
			attributes = {
				BuildIndependentTargetsInParallel = 1;
				LastUpgradeCheck = 1330;
				TargetAttributes = {
					070547DD27E8A0AC0095C136 = {
						CreatedOnToolsVersion = 13.3;
					};
					070547F827E8A0AE0095C136 = {
						CreatedOnToolsVersion = 13.3;
						TestTargetID = 070547DD27E8A0AC0095C136;
					};
					0705480227E8A0AE0095C136 = {
						CreatedOnToolsVersion = 13.3;
						TestTargetID = 070547DD27E8A0AC0095C136;
					};
				};
			};
			buildConfigurationList = 070547D927E8A0AC0095C136 /* Build configuration list for PBXProject "TicTacToe" */;
			compatibilityVersion = "Xcode 13.0";
			developmentRegion = en;
			hasScannedForEncodings = 0;
			knownRegions = (
				en,
				Base,
			);
			mainGroup = 070547D527E8A0AC0095C136;
			productRefGroup = 070547DF27E8A0AC0095C136 /* Products */;
			projectDirPath = "";
			projectRoot = "";
			targets = (
				070547DD27E8A0AC0095C136 /* TicTacToe */,
				070547F827E8A0AE0095C136 /* TicTacToeTests */,
				0705480227E8A0AE0095C136 /* TicTacToeUITests */,
			);
		};
/* End PBXProject section */

/* Begin PBXResourcesBuildPhase section */
		070547DC27E8A0AC0095C136 /* Resources */ = {
			isa = PBXResourcesBuildPhase;
			buildActionMask = 2147483647;
			files = (
				070547F127E8A0AD0095C136 /* LaunchScreen.storyboard in Resources */,
				070547EE27E8A0AD0095C136 /* Assets.xcassets in Resources */,
				070547EC27E8A0AC0095C136 /* Main.storyboard in Resources */,
			);
			runOnlyForDeploymentPostprocessing = 0;
		};
		070547F727E8A0AE0095C136 /* Resources */ = {
			isa = PBXResourcesBuildPhase;
			buildActionMask = 2147483647;
			files = (
			);
			runOnlyForDeploymentPostprocessing = 0;
		};
		0705480127E8A0AE0095C136 /* Resources */ = {
			isa = PBXResourcesBuildPhase;
			buildActionMask = 2147483647;
			files = (
			);
			runOnlyForDeploymentPostprocessing = 0;
		};
/* End PBXResourcesBuildPhase section */

/* Begin PBXSourcesBuildPhase section */
		070547DA27E8A0AC0095C136 /* Sources */ = {
			isa = PBXSourcesBuildPhase;
			buildActionMask = 2147483647;
			files = (
				070547E927E8A0AC0095C136 /* ViewController.m in Sources */,
				070547E327E8A0AC0095C136 /* AppDelegate.m in Sources */,
				070547F427E8A0AD0095C136 /* main.m in Sources */,
				070547E627E8A0AC0095C136 /* SceneDelegate.m in Sources */,
				0705481A27E8AEC90095C136 /* BoardView.m in Sources */,
			);
			runOnlyForDeploymentPostprocessing = 0;
		};
		070547F527E8A0AE0095C136 /* Sources */ = {
			isa = PBXSourcesBuildPhase;
			buildActionMask = 2147483647;
			files = (
				070547FE27E8A0AE0095C136 /* TicTacToeTests.m in Sources */,
			);
			runOnlyForDeploymentPostprocessing = 0;
		};
		070547FF27E8A0AE0095C136 /* Sources */ = {
			isa = PBXSourcesBuildPhase;
			buildActionMask = 2147483647;
			files = (
				0705480827E8A0AE0095C136 /* TicTacToeUITests.m in Sources */,
				0705480A27E8A0AE0095C136 /* TicTacToeUITestsLaunchTests.m in Sources */,
			);
			runOnlyForDeploymentPostprocessing = 0;
		};
/* End PBXSourcesBuildPhase section */

/* Begin PBXTargetDependency section */
		070547FB27E8A0AE0095C136 /* PBXTargetDependency */ = {
			isa = PBXTargetDependency;
			target = 070547DD27E8A0AC0095C136 /* TicTacToe */;
			targetProxy = 070547FA27E8A0AE0095C136 /* PBXContainerItemProxy */;
		};
		0705480527E8A0AE0095C136 /* PBXTargetDependency */ = {
			isa = PBXTargetDependency;
			target = 070547DD27E8A0AC0095C136 /* TicTacToe */;
			targetProxy = 0705480427E8A0AE0095C136 /* PBXContainerItemProxy */;
		};
/* End PBXTargetDependency section */

/* Begin PBXVariantGroup section */
		070547EA27E8A0AC0095C136 /* Main.storyboard */ = {
			isa = PBXVariantGroup;
			children = (
				070547EB27E8A0AC0095C136 /* Base */,
			);
			name = Main.storyboard;
			sourceTree = "<group>";
		};
		070547EF27E8A0AD0095C136 /* LaunchScreen.storyboard */ = {
			isa = PBXVariantGroup;
			children = (
				070547F027E8A0AD0095C136 /* Base */,
			);
			name = LaunchScreen.storyboard;
			sourceTree = "<group>";
		};
/* End PBXVariantGroup section */

/* Begin XCBuildConfiguration section */
		0705480B27E8A0AE0095C136 /* Debug */ = {
			isa = XCBuildConfiguration;
			buildSettings = {
				ALWAYS_SEARCH_USER_PATHS = NO;
				CLANG_ANALYZER_NONNULL = YES;
				CLANG_ANALYZER_NUMBER_OBJECT_CONVERSION = YES_AGGRESSIVE;
				CLANG_CXX_LANGUAGE_STANDARD = "gnu++17";
				CLANG_ENABLE_MODULES = YES;
				CLANG_ENABLE_OBJC_ARC = YES;
				CLANG_ENABLE_OBJC_WEAK = YES;
				CLANG_WARN_BLOCK_CAPTURE_AUTORELEASING = YES;
				CLANG_WARN_BOOL_CONVERSION = YES;
				CLANG_WARN_COMMA = YES;
				CLANG_WARN_CONSTANT_CONVERSION = YES;
				CLANG_WARN_DEPRECATED_OBJC_IMPLEMENTATIONS = YES;
				CLANG_WARN_DIRECT_OBJC_ISA_USAGE = YES_ERROR;
				CLANG_WARN_DOCUMENTATION_COMMENTS = YES;
				CLANG_WARN_EMPTY_BODY = YES;
				CLANG_WARN_ENUM_CONVERSION = YES;
				CLANG_WARN_INFINITE_RECURSION = YES;
				CLANG_WARN_INT_CONVERSION = YES;
				CLANG_WARN_NON_LITERAL_NULL_CONVERSION = YES;
				CLANG_WARN_OBJC_IMPLICIT_RETAIN_SELF = YES;
				CLANG_WARN_OBJC_LITERAL_CONVERSION = YES;
				CLANG_WARN_OBJC_ROOT_CLASS = YES_ERROR;
				CLANG_WARN_QUOTED_INCLUDE_IN_FRAMEWORK_HEADER = YES;
				CLANG_WARN_RANGE_LOOP_ANALYSIS = YES;
				CLANG_WARN_STRICT_PROTOTYPES = YES;
				CLANG_WARN_SUSPICIOUS_MOVE = YES;
				CLANG_WARN_UNGUARDED_AVAILABILITY = YES_AGGRESSIVE;
				CLANG_WARN_UNREACHABLE_CODE = YES;
				CLANG_WARN__DUPLICATE_METHOD_MATCH = YES;
				COPY_PHASE_STRIP = NO;
				DEBUG_INFORMATION_FORMAT = dwarf;
				ENABLE_STRICT_OBJC_MSGSEND = YES;
				ENABLE_TESTABILITY = YES;
				GCC_C_LANGUAGE_STANDARD = gnu11;
				GCC_DYNAMIC_NO_PIC = NO;
				GCC_NO_COMMON_BLOCKS = YES;
				GCC_OPTIMIZATION_LEVEL = 0;
				GCC_PREPROCESSOR_DEFINITIONS = (
					"DEBUG=1",
					"$(inherited)",
				);
				GCC_WARN_64_TO_32_BIT_CONVERSION = YES;
				GCC_WARN_ABOUT_RETURN_TYPE = YES_ERROR;
				GCC_WARN_UNDECLARED_SELECTOR = YES;
				GCC_WARN_UNINITIALIZED_AUTOS = YES_AGGRESSIVE;
				GCC_WARN_UNUSED_FUNCTION = YES;
				GCC_WARN_UNUSED_VARIABLE = YES;
				IPHONEOS_DEPLOYMENT_TARGET = 15.4;
				MTL_ENABLE_DEBUG_INFO = INCLUDE_SOURCE;
				MTL_FAST_MATH = YES;
				ONLY_ACTIVE_ARCH = YES;
				SDKROOT = iphoneos;
			};
			name = Debug;
		};
		0705480C27E8A0AE0095C136 /* Release */ = {
			isa = XCBuildConfiguration;
			buildSettings = {
				ALWAYS_SEARCH_USER_PATHS = NO;
				CLANG_ANALYZER_NONNULL = YES;
				CLANG_ANALYZER_NUMBER_OBJECT_CONVERSION = YES_AGGRESSIVE;
				CLANG_CXX_LANGUAGE_STANDARD = "gnu++17";
				CLANG_ENABLE_MODULES = YES;
				CLANG_ENABLE_OBJC_ARC = YES;
				CLANG_ENABLE_OBJC_WEAK = YES;
				CLANG_WARN_BLOCK_CAPTURE_AUTORELEASING = YES;
				CLANG_WARN_BOOL_CONVERSION = YES;
				CLANG_WARN_COMMA = YES;
				CLANG_WARN_CONSTANT_CONVERSION = YES;
				CLANG_WARN_DEPRECATED_OBJC_IMPLEMENTATIONS = YES;
				CLANG_WARN_DIRECT_OBJC_ISA_USAGE = YES_ERROR;
				CLANG_WARN_DOCUMENTATION_COMMENTS = YES;
				CLANG_WARN_EMPTY_BODY = YES;
				CLANG_WARN_ENUM_CONVERSION = YES;
				CLANG_WARN_INFINITE_RECURSION = YES;
				CLANG_WARN_INT_CONVERSION = YES;
				CLANG_WARN_NON_LITERAL_NULL_CONVERSION = YES;
				CLANG_WARN_OBJC_IMPLICIT_RETAIN_SELF = YES;
				CLANG_WARN_OBJC_LITERAL_CONVERSION = YES;
				CLANG_WARN_OBJC_ROOT_CLASS = YES_ERROR;
				CLANG_WARN_QUOTED_INCLUDE_IN_FRAMEWORK_HEADER = YES;
				CLANG_WARN_RANGE_LOOP_ANALYSIS = YES;
				CLANG_WARN_STRICT_PROTOTYPES = YES;
				CLANG_WARN_SUSPICIOUS_MOVE = YES;
				CLANG_WARN_UNGUARDED_AVAILABILITY = YES_AGGRESSIVE;
				CLANG_WARN_UNREACHABLE_CODE = YES;
				CLANG_WARN__DUPLICATE_METHOD_MATCH = YES;
				COPY_PHASE_STRIP = NO;
				DEBUG_INFORMATION_FORMAT = "dwarf-with-dsym";
				ENABLE_NS_ASSERTIONS = NO;
				ENABLE_STRICT_OBJC_MSGSEND = YES;
				GCC_C_LANGUAGE_STANDARD = gnu11;
				GCC_NO_COMMON_BLOCKS = YES;
				GCC_WARN_64_TO_32_BIT_CONVERSION = YES;
				GCC_WARN_ABOUT_RETURN_TYPE = YES_ERROR;
				GCC_WARN_UNDECLARED_SELECTOR = YES;
				GCC_WARN_UNINITIALIZED_AUTOS = YES_AGGRESSIVE;
				GCC_WARN_UNUSED_FUNCTION = YES;
				GCC_WARN_UNUSED_VARIABLE = YES;
				IPHONEOS_DEPLOYMENT_TARGET = 15.4;
				MTL_ENABLE_DEBUG_INFO = NO;
				MTL_FAST_MATH = YES;
				SDKROOT = iphoneos;
				VALIDATE_PRODUCT = YES;
			};
			name = Release;
		};
		0705480E27E8A0AE0095C136 /* Debug */ = {
			isa = XCBuildConfiguration;
			buildSettings = {
				ASSETCATALOG_COMPILER_APPICON_NAME = AppIcon;
				ASSETCATALOG_COMPILER_GLOBAL_ACCENT_COLOR_NAME = AccentColor;
				CODE_SIGN_STYLE = Automatic;
				CURRENT_PROJECT_VERSION = 1;
				GENERATE_INFOPLIST_FILE = YES;
				INFOPLIST_FILE = TicTacToe/Info.plist;
				INFOPLIST_KEY_UIApplicationSupportsIndirectInputEvents = YES;
				INFOPLIST_KEY_UILaunchStoryboardName = LaunchScreen;
				INFOPLIST_KEY_UIMainStoryboardFile = Main;
				INFOPLIST_KEY_UISupportedInterfaceOrientations_iPad = "UIInterfaceOrientationPortrait UIInterfaceOrientationPortraitUpsideDown UIInterfaceOrientationLandscapeLeft UIInterfaceOrientationLandscapeRight";
				INFOPLIST_KEY_UISupportedInterfaceOrientations_iPhone = "UIInterfaceOrientationPortrait UIInterfaceOrientationLandscapeLeft UIInterfaceOrientationLandscapeRight";
				LD_RUNPATH_SEARCH_PATHS = (
					"$(inherited)",
					"@executable_path/Frameworks",
				);
				MARKETING_VERSION = 1.0;
				PRODUCT_BUNDLE_IDENTIFIER = Eric.TicTacToe;
				PRODUCT_NAME = "$(TARGET_NAME)";
				SWIFT_EMIT_LOC_STRINGS = YES;
				TARGETED_DEVICE_FAMILY = "1,2";
			};
			name = Debug;
		};
		0705480F27E8A0AE0095C136 /* Release */ = {
			isa = XCBuildConfiguration;
			buildSettings = {
				ASSETCATALOG_COMPILER_APPICON_NAME = AppIcon;
				ASSETCATALOG_COMPILER_GLOBAL_ACCENT_COLOR_NAME = AccentColor;
				CODE_SIGN_STYLE = Automatic;
				CURRENT_PROJECT_VERSION = 1;
				GENERATE_INFOPLIST_FILE = YES;
				INFOPLIST_FILE = TicTacToe/Info.plist;
				INFOPLIST_KEY_UIApplicationSupportsIndirectInputEvents = YES;
				INFOPLIST_KEY_UILaunchStoryboardName = LaunchScreen;
				INFOPLIST_KEY_UIMainStoryboardFile = Main;
				INFOPLIST_KEY_UISupportedInterfaceOrientations_iPad = "UIInterfaceOrientationPortrait UIInterfaceOrientationPortraitUpsideDown UIInterfaceOrientationLandscapeLeft UIInterfaceOrientationLandscapeRight";
				INFOPLIST_KEY_UISupportedInterfaceOrientations_iPhone = "UIInterfaceOrientationPortrait UIInterfaceOrientationLandscapeLeft UIInterfaceOrientationLandscapeRight";
				LD_RUNPATH_SEARCH_PATHS = (
					"$(inherited)",
					"@executable_path/Frameworks",
				);
				MARKETING_VERSION = 1.0;
				PRODUCT_BUNDLE_IDENTIFIER = Eric.TicTacToe;
				PRODUCT_NAME = "$(TARGET_NAME)";
				SWIFT_EMIT_LOC_STRINGS = YES;
				TARGETED_DEVICE_FAMILY = "1,2";
			};
			name = Release;
		};
		0705481127E8A0AE0095C136 /* Debug */ = {
			isa = XCBuildConfiguration;
			buildSettings = {
				BUNDLE_LOADER = "$(TEST_HOST)";
				CODE_SIGN_STYLE = Automatic;
				CURRENT_PROJECT_VERSION = 1;
				GENERATE_INFOPLIST_FILE = YES;
				IPHONEOS_DEPLOYMENT_TARGET = 15.4;
				MARKETING_VERSION = 1.0;
				PRODUCT_BUNDLE_IDENTIFIER = Eric.TicTacToeTests;
				PRODUCT_NAME = "$(TARGET_NAME)";
				SWIFT_EMIT_LOC_STRINGS = NO;
				TARGETED_DEVICE_FAMILY = "1,2";
				TEST_HOST = "$(BUILT_PRODUCTS_DIR)/TicTacToe.app/TicTacToe";
			};
			name = Debug;
		};
		0705481227E8A0AE0095C136 /* Release */ = {
			isa = XCBuildConfiguration;
			buildSettings = {
				BUNDLE_LOADER = "$(TEST_HOST)";
				CODE_SIGN_STYLE = Automatic;
				CURRENT_PROJECT_VERSION = 1;
				GENERATE_INFOPLIST_FILE = YES;
				IPHONEOS_DEPLOYMENT_TARGET = 15.4;
				MARKETING_VERSION = 1.0;
				PRODUCT_BUNDLE_IDENTIFIER = Eric.TicTacToeTests;
				PRODUCT_NAME = "$(TARGET_NAME)";
				SWIFT_EMIT_LOC_STRINGS = NO;
				TARGETED_DEVICE_FAMILY = "1,2";
				TEST_HOST = "$(BUILT_PRODUCTS_DIR)/TicTacToe.app/TicTacToe";
			};
			name = Release;
		};
		0705481427E8A0AE0095C136 /* Debug */ = {
			isa = XCBuildConfiguration;
			buildSettings = {
				CODE_SIGN_STYLE = Automatic;
				CURRENT_PROJECT_VERSION = 1;
				GENERATE_INFOPLIST_FILE = YES;
				MARKETING_VERSION = 1.0;
				PRODUCT_BUNDLE_IDENTIFIER = Eric.TicTacToeUITests;
				PRODUCT_NAME = "$(TARGET_NAME)";
				SWIFT_EMIT_LOC_STRINGS = NO;
				TARGETED_DEVICE_FAMILY = "1,2";
				TEST_TARGET_NAME = TicTacToe;
			};
			name = Debug;
		};
		0705481527E8A0AE0095C136 /* Release */ = {
			isa = XCBuildConfiguration;
			buildSettings = {
				CODE_SIGN_STYLE = Automatic;
				CURRENT_PROJECT_VERSION = 1;
				GENERATE_INFOPLIST_FILE = YES;
				MARKETING_VERSION = 1.0;
				PRODUCT_BUNDLE_IDENTIFIER = Eric.TicTacToeUITests;
				PRODUCT_NAME = "$(TARGET_NAME)";
				SWIFT_EMIT_LOC_STRINGS = NO;
				TARGETED_DEVICE_FAMILY = "1,2";
				TEST_TARGET_NAME = TicTacToe;
			};
			name = Release;
		};
/* End XCBuildConfiguration section */

/* Begin XCConfigurationList section */
		070547D927E8A0AC0095C136 /* Build configuration list for PBXProject "TicTacToe" */ = {
			isa = XCConfigurationList;
			buildConfigurations = (
				0705480B27E8A0AE0095C136 /* Debug */,
				0705480C27E8A0AE0095C136 /* Release */,
			);
			defaultConfigurationIsVisible = 0;
			defaultConfigurationName = Release;
		};
		0705480D27E8A0AE0095C136 /* Build configuration list for PBXNativeTarget "TicTacToe" */ = {
			isa = XCConfigurationList;
			buildConfigurations = (
				0705480E27E8A0AE0095C136 /* Debug */,
				0705480F27E8A0AE0095C136 /* Release */,
			);
			defaultConfigurationIsVisible = 0;
			defaultConfigurationName = Release;
		};
		0705481027E8A0AE0095C136 /* Build configuration list for PBXNativeTarget "TicTacToeTests" */ = {
			isa = XCConfigurationList;
			buildConfigurations = (
				0705481127E8A0AE0095C136 /* Debug */,
				0705481227E8A0AE0095C136 /* Release */,
			);
			defaultConfigurationIsVisible = 0;
			defaultConfigurationName = Release;
		};
		0705481327E8A0AE0095C136 /* Build configuration list for PBXNativeTarget "TicTacToeUITests" */ = {
			isa = XCConfigurationList;
			buildConfigurations = (
				0705481427E8A0AE0095C136 /* Debug */,
				0705481527E8A0AE0095C136 /* Release */,
			);
			defaultConfigurationIsVisible = 0;
			defaultConfigurationName = Release;
		};
/* End XCConfigurationList section */
	};
	rootObject = 070547D627E8A0AC0095C136 /* Project object */;
}
